
Microsoft Visual Studio Solution File, Format Version 12.00
# Visual Studio Version 17
VisualStudioVersion = 17.7.34031.279
MinimumVisualStudioVersion = 15.0.26124.0
Project("{2150E333-8FDC-42A3-9474-1A3956D46DE8}") = "tests", "tests", "{D2DF0A0D-65C2-46A3-9D23-3256660F654C}"
EndProject
Project("{9A19103F-16F7-4668-BE54-9A1E7A4F7556}") = "TurtleRoute.Tests", "..\tests\TurtleRoute.Tests.csproj", "{978C08C3-F075-419A-976C-BC4E54197942}"
EndProject
Project("{9A19103F-16F7-4668-BE54-9A1E7A4F7556}") = "TurtleRoute", "TurtleRoute.csproj", "{1C203E0A-2369-48A5-A53A-015E1F2B279A}"
EndProject
Project("{2150E333-8FDC-42A3-9474-1A3956D46DE8}") = "Solution Items", "Solution Items", "{02EA681E-C7D8-13C7-8484-4AC65E1B71E8}"
	ProjectSection(SolutionItems) = preProject
		.editorconfig = .editorconfig
	EndProjectSection
EndProject
Global
	GlobalSection(SolutionConfigurationPlatforms) = preSolution
		Debug|Any CPU = Debug|Any CPU
		Debug|x64 = Debug|x64
		Debug|x86 = Debug|x86
		Release|Any CPU = Release|Any CPU
		Release|x64 = Release|x64
		Release|x86 = Release|x86
	EndGlobalSection
	GlobalSection(ProjectConfigurationPlatforms) = postSolution
		{978C08C3-F075-419A-976C-BC4E54197942}.Debug|Any CPU.ActiveCfg = Debug|Any CPU
		{978C08C3-F075-419A-976C-BC4E54197942}.Debug|Any CPU.Build.0 = Debug|Any CPU
		{978C08C3-F075-419A-976C-BC4E54197942}.Debug|x64.ActiveCfg = Debug|Any CPU
		{978C08C3-F075-419A-976C-BC4E54197942}.Debug|x64.Build.0 = Debug|Any CPU
		{978C08C3-F075-419A-976C-BC4E54197942}.Debug|x86.ActiveCfg = Debug|Any CPU
		{978C08C3-F075-419A-976C-BC4E54197942}.Debug|x86.Build.0 = Debug|Any CPU
		{978C08C3-F075-419A-976C-BC4E54197942}.Release|Any CPU.ActiveCfg = Release|Any CPU
		{978C08C3-F075-419A-976C-BC4E54197942}.Release|Any CPU.Build.0 = Release|Any CPU
		{978C08C3-F075-419A-976C-BC4E54197942}.Release|x64.ActiveCfg = Release|Any CPU
		{978C08C3-F075-419A-976C-BC4E54197942}.Release|x64.Build.0 = Release|Any CPU
		{978C08C3-F075-419A-976C-BC4E54197942}.Release|x86.ActiveCfg = Release|Any CPU
		{978C08C3-F075-419A-976C-BC4E54197942}.Release|x86.Build.0 = Release|Any CPU
		{1C203E0A-2369-48A5-A53A-015E1F2B279A}.Debug|Any CPU.ActiveCfg = Debug|Any CPU
		{1C203E0A-2369-48A5-A53A-015E1F2B279A}.Debug|Any CPU.Build.0 = Debug|Any CPU
		{1C203E0A-2369-48A5-A53A-015E1F2B279A}.Debug|x64.ActiveCfg = Debug|Any CPU
		{1C203E0A-2369-48A5-A53A-015E1F2B279A}.Debug|x64.Build.0 = Debug|Any CPU
		{1C203E0A-2369-48A5-A53A-015E1F2B279A}.Debug|x86.ActiveCfg = Debug|Any CPU
		{1C203E0A-2369-48A5-A53A-015E1F2B279A}.Debug|x86.Build.0 = Debug|Any CPU
		{1C203E0A-2369-48A5-A53A-015E1F2B279A}.Release|Any CPU.ActiveCfg = Release|Any CPU
		{1C203E0A-2369-48A5-A53A-015E1F2B279A}.Release|Any CPU.Build.0 = Release|Any CPU
		{1C203E0A-2369-48A5-A53A-015E1F2B279A}.Release|x64.ActiveCfg = Release|Any CPU
		{1C203E0A-2369-48A5-A53A-015E1F2B279A}.Release|x64.Build.0 = Release|Any CPU
		{1C203E0A-2369-48A5-A53A-015E1F2B279A}.Release|x86.ActiveCfg = Release|Any CPU
		{1C203E0A-2369-48A5-A53A-015E1F2B279A}.Release|x86.Build.0 = Release|Any CPU
	EndGlobalSection
	GlobalSection(SolutionProperties) = preSolution
		HideSolutionNode = FALSE
	EndGlobalSection
	GlobalSection(NestedProjects) = preSolution
		{978C08C3-F075-419A-976C-BC4E54197942} = {D2DF0A0D-65C2-46A3-9D23-3256660F654C}
	EndGlobalSection
	GlobalSection(ExtensibilityGlobals) = postSolution
		SolutionGuid = {1E9C0670-1D25-4629-8FD9-51E1CC876B01}
	EndGlobalSection
EndGlobal
